<?xml version="1.0" encoding="utf-8"?>
<Project ToolsVersion="4.0" xmlns="http://schemas.microsoft.com/developer/msbuild/2003">
  <ItemGroup>
    <Filter Include="Source Files">
      <UniqueIdentifier>{4FC737F1-C7A5-4376-A066-2A32D752A2FF}</UniqueIdentifier>
      <Extensions>cpp;c;cc;cxx;c++;cppm;ixx;def;odl;idl;hpj;bat;asm;asmx</Extensions>
    </Filter>
    <Filter Include="Header Files">
      <UniqueIdentifier>{93995380-89BD-4b04-88EB-625FBE52EBFB}</UniqueIdentifier>
      <Extensions>h;hh;hpp;hxx;h++;hm;inl;inc;ipp;xsd</Extensions>
    </Filter>
    <Filter Include="Resource Files">
      <UniqueIdentifier>{67DA6AB6-F800-4c08-8B7A-83BB121AAD01}</UniqueIdentifier>
      <Extensions>rc;ico;cur;bmp;dlg;rc2;rct;bin;rgs;gif;jpg;jpeg;jpe;resx;tiff;tif;png;wav;mfcribbon-ms</Extensions>
    </Filter>
  </ItemGroup>
  <ItemGroup>
    <ClCompile Include="main.cpp">
      <Filter>Source Files</Filter>
    </ClCompile>
    <ClCompile Include="Bootstrapper\GetDataListsFileName.cpp">
      <Filter>Source Files</Filter>
    </ClCompile>
    <ClCompile Include="Backend\LoadDataLists.cpp">
      <Filter>Source Files</Filter>
    </ClCompile>
    <ClCompile Include="Backend\ParseDataLists.cpp">
      <Filter>Source Files</Filter>
    </ClCompile>
    <ClCompile Include="Shared\Option.cpp">
      <Filter>Source Files</Filter>
    </ClCompile>
    <ClCompile Include="Shared\Dialogue.cpp">
      <Filter>Source Files</Filter>
    </ClCompile>
    <ClCompile Include="Backend\DataLists.cpp">
      <Filter>Source Files</Filter>
    </ClCompile>
    <ClCompile Include="Backend\DialogueTable.cpp">
      <Filter>Source Files</Filter>
    </ClCompile>
    <ClCompile Include="Backend\StateTable.cpp">
      <Filter>Source Files</Filter>
    </ClCompile>
    <ClCompile Include="Backend\Configuration.cpp">
      <Filter>Source Files</Filter>
    </ClCompile>
    <ClCompile Include="Core\Frankenstein.cpp">
      <Filter>Source Files</Filter>
    </ClCompile>
    <ClCompile Include="Shared\Exceptions.cpp">
      <Filter>Source Files</Filter>
    </ClCompile>
    <ClCompile Include="Core\DialogueNavigator.cpp">
      <Filter>Source Files</Filter>
    </ClCompile>
    <ClCompile Include="Frontend\DialoguePrinter.cpp">
      <Filter>Source Files</Filter>
    </ClCompile>
    <ClCompile Include="Frontend\OptionInputter.cpp">
      <Filter>Source Files</Filter>
    </ClCompile>
    <ClCompile Include="Frontend\ResultsPrinter.cpp">
      <Filter>Source Files</Filter>
    </ClCompile>
  </ItemGroup>
  <ItemGroup>
    <ClInclude Include="Bootstrapper\GetDataListsFileName.h">
      <Filter>Header Files</Filter>
    </ClInclude>
    <ClInclude Include="Backend\LoadDataLists.h">
      <Filter>Header Files</Filter>
    </ClInclude>
    <ClInclude Include="Backend\ParseDataLists.h">
      <Filter>Header Files</Filter>
    </ClInclude>
    <ClInclude Include="Shared\Option.h">
      <Filter>Header Files</Filter>
    </ClInclude>
    <ClInclude Include="Shared\Dialogue.h">
      <Filter>Header Files</Filter>
    </ClInclude>
    <ClInclude Include="Backend\DataLists.h">
      <Filter>Header Files</Filter>
    </ClInclude>
    <ClInclude Include="Backend\DialogueTable.h">
      <Filter>Header Files</Filter>
    </ClInclude>
    <ClInclude Include="Backend\StateTable.h">
      <Filter>Header Files</Filter>
    </ClInclude>
    <ClInclude Include="Backend\Configuration.h">
      <Filter>Header Files</Filter>
    </ClInclude>
    <ClInclude Include="Core\Frankenstein.h">
      <Filter>Header Files</Filter>
    </ClInclude>
    <ClInclude Include="Shared\Exceptions.h">
      <Filter>Header Files</Filter>
    </ClInclude>
    <ClInclude Include="Core\DialogueNavigator.h">
      <Filter>Header Files</Filter>
    </ClInclude>
    <ClInclude Include="Frontend\DialoguePrinter.h">
      <Filter>Header Files</Filter>
    </ClInclude>
    <ClInclude Include="Frontend\OptionInputter.h">
      <Filter>Header Files</Filter>
    </ClInclude>
    <ClInclude Include="Frontend\ResultsPrinter.h">
      <Filter>Header Files</Filter>
    </ClInclude>
  </ItemGroup>
  <ItemGroup>
    <Text Include="default.txt" />
  </ItemGroup>
</Project>